
Microsoft Visual Studio Solution File, Format Version 12.00
# Visual Studio Version 16
VisualStudioVersion = 16.0.33214.272
MinimumVisualStudioVersion = 10.0.40219.1
Project("{FAE04EC0-301F-11D3-BF4B-00C04F79EFBC}") = "PatientInformationWebApp", "PatientInformationWebApp\PatientInformationWebApp.csproj", "{B3EA486C-A2E2-4DBF-8968-259731680F42}"
EndProject
Global
	GlobalSection(SolutionConfigurationPlatforms) = preSolution
		Debug|Any CPU = Debug|Any CPU
		Release|Any CPU = Release|Any CPU
	EndGlobalSection
	GlobalSection(ProjectConfigurationPlatforms) = postSolution
		{B3EA486C-A2E2-4DBF-8968-259731680F42}.Debug|Any CPU.ActiveCfg = Debug|Any CPU
		{B3EA486C-A2E2-4DBF-8968-259731680F42}.Debug|Any CPU.Build.0 = Debug|Any CPU
		{B3EA486C-A2E2-4DBF-8968-259731680F42}.Release|Any CPU.ActiveCfg = Release|Any CPU
		{B3EA486C-A2E2-4DBF-8968-259731680F42}.Release|Any CPU.Build.0 = Release|Any CPU
	EndGlobalSection
	GlobalSection(SolutionProperties) = preSolution
		HideSolutionNode = FALSE
	EndGlobalSection
	GlobalSection(ExtensibilityGlobals) = postSolution
		SolutionGuid = {437875A5-99CF-44BD-806E-67B31144E487}
	EndGlobalSection
EndGlobal
